
Microsoft Visual Studio Solution File, Format Version 12.00
# Visual Studio Version 17
VisualStudioVersion = 17.5.002.0
MinimumVisualStudioVersion = 10.0.40219.1
Project("{9A19103F-16F7-4668-BE54-9A1E7A4F7556}") = "FilmesWebApi", "FilmesWebApi.csproj", "{2BE093A9-7BF0-4810-A0D6-A89F6FAC033B}"
EndProject
Global
	GlobalSection(SolutionConfigurationPlatforms) = preSolution
		Debug|Any CPU = Debug|Any CPU
		Release|Any CPU = Release|Any CPU
	EndGlobalSection
	GlobalSection(ProjectConfigurationPlatforms) = postSolution
		{2BE093A9-7BF0-4810-A0D6-A89F6FAC033B}.Debug|Any CPU.ActiveCfg = Debug|Any CPU
		{2BE093A9-7BF0-4810-A0D6-A89F6FAC033B}.Debug|Any CPU.Build.0 = Debug|Any CPU
		{2BE093A9-7BF0-4810-A0D6-A89F6FAC033B}.Release|Any CPU.ActiveCfg = Release|Any CPU
		{2BE093A9-7BF0-4810-A0D6-A89F6FAC033B}.Release|Any CPU.Build.0 = Release|Any CPU
	EndGlobalSection
	GlobalSection(SolutionProperties) = preSolution
		HideSolutionNode = FALSE
	EndGlobalSection
	GlobalSection(ExtensibilityGlobals) = postSolution
		SolutionGuid = {8DC8F78C-E8CB-4FB2-AFA1-770E1C5AB612}
	EndGlobalSection
EndGlobal
